
Microsoft Visual Studio Solution File, Format Version 10.00
# Visual Studio 2008
Project("{FAE04EC0-301F-11D3-BF4B-00C04F79EFBC}") = "PPT2007Convertor", "PowerPoint2007Convertor\PPT2007Convertor.csproj", "{D28B4C7C-D350-44D0-B64E-AF21C068EFA2}"
EndProject
Global
	GlobalSection(SolutionConfigurationPlatforms) = preSolution
		Debug|Any CPU = Debug|Any CPU
		Release|Any CPU = Release|Any CPU
	EndGlobalSection
	GlobalSection(ProjectConfigurationPlatforms) = postSolution
		{D28B4C7C-D350-44D0-B64E-AF21C068EFA2}.Debug|Any CPU.ActiveCfg = Debug|Any CPU
		{D28B4C7C-D350-44D0-B64E-AF21C068EFA2}.Debug|Any CPU.Build.0 = Debug|Any CPU
		{D28B4C7C-D350-44D0-B64E-AF21C068EFA2}.Release|Any CPU.ActiveCfg = Release|Any CPU
		{D28B4C7C-D350-44D0-B64E-AF21C068EFA2}.Release|Any CPU.Build.0 = Release|Any CPU
	EndGlobalSection
	GlobalSection(SolutionProperties) = preSolution
		HideSolutionNode = FALSE
	EndGlobalSection
EndGlobal
